
Microsoft Visual Studio Solution File, Format Version 12.00
# Visual Studio Version 17
VisualStudioVersion = 17.5.33530.505
MinimumVisualStudioVersion = 10.0.40219.1
Project("{888888A0-9F3D-457C-B088-3A5042F75D52}") = "TranslationXMLGenerator", "TranslationXMLGenerator.pyproj", "{0FBB6E31-5EDD-442D-87D4-7B3A73E8AA0E}"
EndProject
Global
	GlobalSection(SolutionConfigurationPlatforms) = preSolution
		Debug|Any CPU = Debug|Any CPU
		Release|Any CPU = Release|Any CPU
	EndGlobalSection
	GlobalSection(ProjectConfigurationPlatforms) = postSolution
		{0FBB6E31-5EDD-442D-87D4-7B3A73E8AA0E}.Debug|Any CPU.ActiveCfg = Debug|Any CPU
		{0FBB6E31-5EDD-442D-87D4-7B3A73E8AA0E}.Release|Any CPU.ActiveCfg = Release|Any CPU
	EndGlobalSection
	GlobalSection(SolutionProperties) = preSolution
		HideSolutionNode = FALSE
	EndGlobalSection
	GlobalSection(ExtensibilityGlobals) = postSolution
		SolutionGuid = {8AB261A3-79CE-4645-ADB6-497F7BD76CB9}
	EndGlobalSection
EndGlobal
